// !$*UTF8*$!
{
	archiveVersion = 1;
	classes = {
	};
	objectVersion = 55;
	objects = {

/* Begin PBXBuildFile section */
		FE4B60E428807FCE0046CAA7 /* Localizable.strings in Resources */ = {isa = PBXBuildFile; fileRef = FE4B60E628807FCE0046CAA7 /* Localizable.strings */; };
		FEF2214F287EF2DF008C5D17 /* AppDelegate.swift in Sources */ = {isa = PBXBuildFile; fileRef = FEF2214E287EF2DF008C5D17 /* AppDelegate.swift */; };
		FEF22151287EF2DF008C5D17 /* SceneDelegate.swift in Sources */ = {isa = PBXBuildFile; fileRef = FEF22150287EF2DF008C5D17 /* SceneDelegate.swift */; };
		FEF22156287EF2DF008C5D17 /* Main.storyboard in Resources */ = {isa = PBXBuildFile; fileRef = FEF22154287EF2DF008C5D17 /* Main.storyboard */; };
		FEF22158287EF2E1008C5D17 /* Assets.xcassets in Resources */ = {isa = PBXBuildFile; fileRef = FEF22157287EF2E1008C5D17 /* Assets.xcassets */; };
		FEF2215B287EF2E1008C5D17 /* LaunchScreen.storyboard in Resources */ = {isa = PBXBuildFile; fileRef = FEF22159287EF2E1008C5D17 /* LaunchScreen.storyboard */; };
		FEF22167287F0991008C5D17 /* Author.swift in Sources */ = {isa = PBXBuildFile; fileRef = FEF22166287F0990008C5D17 /* Author.swift */; };
		FEF22169287F0ED8008C5D17 /* AuthorCellViewModel.swift in Sources */ = {isa = PBXBuildFile; fileRef = FEF22168287F0ED8008C5D17 /* AuthorCellViewModel.swift */; };
		FEF2216B287F27DD008C5D17 /* DataAPI.swift in Sources */ = {isa = PBXBuildFile; fileRef = FEF2216A287F27DD008C5D17 /* DataAPI.swift */; };
		FEF22170287F41DB008C5D17 /* LandingTableViewController.swift in Sources */ = {isa = PBXBuildFile; fileRef = FEF2216F287F41DB008C5D17 /* LandingTableViewController.swift */; };
		FEF22172287F4374008C5D17 /* AuthorTableViewCell.swift in Sources */ = {isa = PBXBuildFile; fileRef = FEF22171287F4374008C5D17 /* AuthorTableViewCell.swift */; };
		FEF22174287F5046008C5D17 /* BooksTableViewController.swift in Sources */ = {isa = PBXBuildFile; fileRef = FEF22173287F5046008C5D17 /* BooksTableViewController.swift */; };
		FEF22176287F5608008C5D17 /* BooksTableViewCell.swift in Sources */ = {isa = PBXBuildFile; fileRef = FEF22175287F5608008C5D17 /* BooksTableViewCell.swift */; };
		FEF2217C2880141F008C5D17 /* AuthorTableViewCell.xib in Resources */ = {isa = PBXBuildFile; fileRef = FEF2217B2880141F008C5D17 /* AuthorTableViewCell.xib */; };
		FEF2217E28801905008C5D17 /* BooksTableViewCell.xib in Resources */ = {isa = PBXBuildFile; fileRef = FEF2217D28801905008C5D17 /* BooksTableViewCell.xib */; };
		FEF2218028801AC4008C5D17 /* BooksCellViewModel.swift in Sources */ = {isa = PBXBuildFile; fileRef = FEF2217F28801AC4008C5D17 /* BooksCellViewModel.swift */; };
/* End PBXBuildFile section */

/* Begin PBXFileReference section */
		FE4B60E028807F5F0046CAA7 /* es */ = {isa = PBXFileReference; lastKnownFileType = text.plist.strings; name = es; path = es.lproj/Main.strings; sourceTree = "<group>"; };
		FE4B60E128807F5F0046CAA7 /* es */ = {isa = PBXFileReference; lastKnownFileType = text.plist.strings; name = es; path = es.lproj/LaunchScreen.strings; sourceTree = "<group>"; };
		FE4B60E528807FCE0046CAA7 /* en */ = {isa = PBXFileReference; lastKnownFileType = text.plist.strings; name = en; path = en.lproj/Localizable.strings; sourceTree = "<group>"; };
		FE4B60E728807FD60046CAA7 /* es */ = {isa = PBXFileReference; lastKnownFileType = text.plist.strings; name = es; path = es.lproj/Localizable.strings; sourceTree = "<group>"; };
		FEF2214B287EF2DF008C5D17 /* MyAuthors.app */ = {isa = PBXFileReference; explicitFileType = wrapper.application; includeInIndex = 0; path = MyAuthors.app; sourceTree = BUILT_PRODUCTS_DIR; };
		FEF2214E287EF2DF008C5D17 /* AppDelegate.swift */ = {isa = PBXFileReference; lastKnownFileType = sourcecode.swift; path = AppDelegate.swift; sourceTree = "<group>"; };
		FEF22150287EF2DF008C5D17 /* SceneDelegate.swift */ = {isa = PBXFileReference; lastKnownFileType = sourcecode.swift; path = SceneDelegate.swift; sourceTree = "<group>"; };
		FEF22155287EF2DF008C5D17 /* Base */ = {isa = PBXFileReference; lastKnownFileType = file.storyboard; name = Base; path = Base.lproj/Main.storyboard; sourceTree = "<group>"; };
		FEF22157287EF2E1008C5D17 /* Assets.xcassets */ = {isa = PBXFileReference; lastKnownFileType = folder.assetcatalog; path = Assets.xcassets; sourceTree = "<group>"; };
		FEF2215A287EF2E1008C5D17 /* Base */ = {isa = PBXFileReference; lastKnownFileType = file.storyboard; name = Base; path = Base.lproj/LaunchScreen.storyboard; sourceTree = "<group>"; };
		FEF2215C287EF2E1008C5D17 /* Info.plist */ = {isa = PBXFileReference; lastKnownFileType = text.plist.xml; path = Info.plist; sourceTree = "<group>"; };
		FEF22166287F0990008C5D17 /* Author.swift */ = {isa = PBXFileReference; lastKnownFileType = sourcecode.swift; path = Author.swift; sourceTree = "<group>"; };
		FEF22168287F0ED8008C5D17 /* AuthorCellViewModel.swift */ = {isa = PBXFileReference; lastKnownFileType = sourcecode.swift; path = AuthorCellViewModel.swift; sourceTree = "<group>"; };
		FEF2216A287F27DD008C5D17 /* DataAPI.swift */ = {isa = PBXFileReference; lastKnownFileType = sourcecode.swift; path = DataAPI.swift; sourceTree = "<group>"; };
		FEF2216F287F41DB008C5D17 /* LandingTableViewController.swift */ = {isa = PBXFileReference; lastKnownFileType = sourcecode.swift; path = LandingTableViewController.swift; sourceTree = "<group>"; };
		FEF22171287F4374008C5D17 /* AuthorTableViewCell.swift */ = {isa = PBXFileReference; lastKnownFileType = sourcecode.swift; path = AuthorTableViewCell.swift; sourceTree = "<group>"; };
		FEF22173287F5046008C5D17 /* BooksTableViewController.swift */ = {isa = PBXFileReference; lastKnownFileType = sourcecode.swift; path = BooksTableViewController.swift; sourceTree = "<group>"; };
		FEF22175287F5608008C5D17 /* BooksTableViewCell.swift */ = {isa = PBXFileReference; lastKnownFileType = sourcecode.swift; path = BooksTableViewCell.swift; sourceTree = "<group>"; };
		FEF2217B2880141F008C5D17 /* AuthorTableViewCell.xib */ = {isa = PBXFileReference; lastKnownFileType = file.xib; path = AuthorTableViewCell.xib; sourceTree = "<group>"; };
		FEF2217D28801905008C5D17 /* BooksTableViewCell.xib */ = {isa = PBXFileReference; lastKnownFileType = file.xib; path = BooksTableViewCell.xib; sourceTree = "<group>"; };
		FEF2217F28801AC4008C5D17 /* BooksCellViewModel.swift */ = {isa = PBXFileReference; lastKnownFileType = sourcecode.swift; path = BooksCellViewModel.swift; sourceTree = "<group>"; };
/* End PBXFileReference section */

/* Begin PBXFrameworksBuildPhase section */
		FEF22148287EF2DF008C5D17 /* Frameworks */ = {
			isa = PBXFrameworksBuildPhase;
			buildActionMask = 2147483647;
			files = (
			);
			runOnlyForDeploymentPostprocessing = 0;
		};
/* End PBXFrameworksBuildPhase section */

/* Begin PBXGroup section */
		FEF22142287EF2DF008C5D17 = {
			isa = PBXGroup;
			children = (
				FEF2214D287EF2DF008C5D17 /* MyAuthors */,
				FEF2214C287EF2DF008C5D17 /* Products */,
			);
			sourceTree = "<group>";
		};
		FEF2214C287EF2DF008C5D17 /* Products */ = {
			isa = PBXGroup;
			children = (
				FEF2214B287EF2DF008C5D17 /* MyAuthors.app */,
			);
			name = Products;
			sourceTree = "<group>";
		};
		FEF2214D287EF2DF008C5D17 /* MyAuthors */ = {
			isa = PBXGroup;
			children = (
				FEF2216C287F3666008C5D17 /* New Group */,
				FEF22162287EF2FF008C5D17 /* Model */,
				FEF22163287EF305008C5D17 /* View */,
				FEF22164287EF30A008C5D17 /* ViewModel */,
				FEF22165287EF314008C5D17 /* Services */,
				FEF2214E287EF2DF008C5D17 /* AppDelegate.swift */,
				FEF22150287EF2DF008C5D17 /* SceneDelegate.swift */,
				FEF22157287EF2E1008C5D17 /* Assets.xcassets */,
				FEF22159287EF2E1008C5D17 /* LaunchScreen.storyboard */,
				FEF2215C287EF2E1008C5D17 /* Info.plist */,
				FE4B60E628807FCE0046CAA7 /* Localizable.strings */,
			);
			path = MyAuthors;
			sourceTree = "<group>";
		};
		FEF22162287EF2FF008C5D17 /* Model */ = {
			isa = PBXGroup;
			children = (
				FEF22166287F0990008C5D17 /* Author.swift */,
			);
			path = Model;
			sourceTree = "<group>";
		};
		FEF22163287EF305008C5D17 /* View */ = {
			isa = PBXGroup;
			children = (
				FEF2216E287F367C008C5D17 /* Views */,
				FEF2216D287F3674008C5D17 /* Controllers */,
			);
			path = View;
			sourceTree = "<group>";
		};
		FEF22164287EF30A008C5D17 /* ViewModel */ = {
			isa = PBXGroup;
			children = (
				FEF22168287F0ED8008C5D17 /* AuthorCellViewModel.swift */,
				FEF2217F28801AC4008C5D17 /* BooksCellViewModel.swift */,
			);
			path = ViewModel;
			sourceTree = "<group>";
		};
		FEF22165287EF314008C5D17 /* Services */ = {
			isa = PBXGroup;
			children = (
				FEF2216A287F27DD008C5D17 /* DataAPI.swift */,
			);
			path = Services;
			sourceTree = "<group>";
		};
		FEF2216C287F3666008C5D17 /* New Group */ = {
			isa = PBXGroup;
			children = (
			);
			path = "New Group";
			sourceTree = "<group>";
		};
		FEF2216D287F3674008C5D17 /* Controllers */ = {
			isa = PBXGroup;
			children = (
				FEF2216F287F41DB008C5D17 /* LandingTableViewController.swift */,
				FEF22173287F5046008C5D17 /* BooksTableViewController.swift */,
			);
			path = Controllers;
			sourceTree = "<group>";
		};
		FEF2216E287F367C008C5D17 /* Views */ = {
			isa = PBXGroup;
			children = (
				FEF22154287EF2DF008C5D17 /* Main.storyboard */,
				FEF22171287F4374008C5D17 /* AuthorTableViewCell.swift */,
				FEF22175287F5608008C5D17 /* BooksTableViewCell.swift */,
				FEF2217B2880141F008C5D17 /* AuthorTableViewCell.xib */,
				FEF2217D28801905008C5D17 /* BooksTableViewCell.xib */,
			);
			path = Views;
			sourceTree = "<group>";
		};
/* End PBXGroup section */

/* Begin PBXNativeTarget section */
		FEF2214A287EF2DF008C5D17 /* MyAuthors */ = {
			isa = PBXNativeTarget;
			buildConfigurationList = FEF2215F287EF2E1008C5D17 /* Build configuration list for PBXNativeTarget "MyAuthors" */;
			buildPhases = (
				FEF22147287EF2DF008C5D17 /* Sources */,
				FEF22148287EF2DF008C5D17 /* Frameworks */,
				FEF22149287EF2DF008C5D17 /* Resources */,
			);
			buildRules = (
			);
			dependencies = (
			);
			name = MyAuthors;
			productName = MyAuthors;
			productReference = FEF2214B287EF2DF008C5D17 /* MyAuthors.app */;
			productType = "com.apple.product-type.application";
		};
/* End PBXNativeTarget section */

/* Begin PBXProject section */
		FEF22143287EF2DF008C5D17 /* Project object */ = {
			isa = PBXProject;
			attributes = {
				BuildIndependentTargetsInParallel = 1;
				LastSwiftUpdateCheck = 1340;
				LastUpgradeCheck = 1340;
				TargetAttributes = {
					FEF2214A287EF2DF008C5D17 = {
						CreatedOnToolsVersion = 13.4.1;
					};
				};
			};
			buildConfigurationList = FEF22146287EF2DF008C5D17 /* Build configuration list for PBXProject "MyAuthors" */;
			compatibilityVersion = "Xcode 13.0";
			developmentRegion = en;
			hasScannedForEncodings = 0;
			knownRegions = (
				en,
				Base,
				es,
			);
			mainGroup = FEF22142287EF2DF008C5D17;
			productRefGroup = FEF2214C287EF2DF008C5D17 /* Products */;
			projectDirPath = "";
			projectRoot = "";
			targets = (
				FEF2214A287EF2DF008C5D17 /* MyAuthors */,
			);
		};
/* End PBXProject section */

/* Begin PBXResourcesBuildPhase section */
		FEF22149287EF2DF008C5D17 /* Resources */ = {
			isa = PBXResourcesBuildPhase;
			buildActionMask = 2147483647;
			files = (
				FEF2215B287EF2E1008C5D17 /* LaunchScreen.storyboard in Resources */,
				FE4B60E428807FCE0046CAA7 /* Localizable.strings in Resources */,
				FEF22158287EF2E1008C5D17 /* Assets.xcassets in Resources */,
				FEF2217C2880141F008C5D17 /* AuthorTableViewCell.xib in Resources */,
				FEF22156287EF2DF008C5D17 /* Main.storyboard in Resources */,
				FEF2217E28801905008C5D17 /* BooksTableViewCell.xib in Resources */,
			);
			runOnlyForDeploymentPostprocessing = 0;
		};
/* End PBXResourcesBuildPhase section */

/* Begin PBXSourcesBuildPhase section */
		FEF22147287EF2DF008C5D17 /* Sources */ = {
			isa = PBXSourcesBuildPhase;
			buildActionMask = 2147483647;
			files = (
				FEF22176287F5608008C5D17 /* BooksTableViewCell.swift in Sources */,
				FEF2214F287EF2DF008C5D17 /* AppDelegate.swift in Sources */,
				FEF22172287F4374008C5D17 /* AuthorTableViewCell.swift in Sources */,
				FEF2218028801AC4008C5D17 /* BooksCellViewModel.swift in Sources */,
				FEF22170287F41DB008C5D17 /* LandingTableViewController.swift in Sources */,
				FEF22167287F0991008C5D17 /* Author.swift in Sources */,
				FEF22174287F5046008C5D17 /* BooksTableViewController.swift in Sources */,
				FEF22151287EF2DF008C5D17 /* SceneDelegate.swift in Sources */,
				FEF2216B287F27DD008C5D17 /* DataAPI.swift in Sources */,
				FEF22169287F0ED8008C5D17 /* AuthorCellViewModel.swift in Sources */,
			);
			runOnlyForDeploymentPostprocessing = 0;
		};
/* End PBXSourcesBuildPhase section */

/* Begin PBXVariantGroup section */
		FE4B60E628807FCE0046CAA7 /* Localizable.strings */ = {
			isa = PBXVariantGroup;
			children = (
				FE4B60E528807FCE0046CAA7 /* en */,
				FE4B60E728807FD60046CAA7 /* es */,
			);
			name = Localizable.strings;
			sourceTree = "<group>";
		};
		FEF22154287EF2DF008C5D17 /* Main.storyboard */ = {
			isa = PBXVariantGroup;
			children = (
				FEF22155287EF2DF008C5D17 /* Base */,
				FE4B60E028807F5F0046CAA7 /* es */,
			);
			name = Main.storyboard;
			sourceTree = "<group>";
		};
		FEF22159287EF2E1008C5D17 /* LaunchScreen.storyboard */ = {
			isa = PBXVariantGroup;
			children = (
				FEF2215A287EF2E1008C5D17 /* Base */,
				FE4B60E128807F5F0046CAA7 /* es */,
			);
			name = LaunchScreen.storyboard;
			sourceTree = "<group>";
		};
/* End PBXVariantGroup section */

/* Begin XCBuildConfiguration section */
		FEF2215D287EF2E1008C5D17 /* Debug */ = {
			isa = XCBuildConfiguration;
			buildSettings = {
				ALWAYS_SEARCH_USER_PATHS = NO;
				CLANG_ANALYZER_LOCALIZABILITY_NONLOCALIZED = YES;
				CLANG_ANALYZER_NONNULL = YES;
				CLANG_ANALYZER_NUMBER_OBJECT_CONVERSION = YES_AGGRESSIVE;
				CLANG_CXX_LANGUAGE_STANDARD = "gnu++17";
				CLANG_ENABLE_MODULES = YES;
				CLANG_ENABLE_OBJC_ARC = YES;
				CLANG_ENABLE_OBJC_WEAK = YES;
				CLANG_WARN_BLOCK_CAPTURE_AUTORELEASING = YES;
				CLANG_WARN_BOOL_CONVERSION = YES;
				CLANG_WARN_COMMA = YES;
				CLANG_WARN_CONSTANT_CONVERSION = YES;
				CLANG_WARN_DEPRECATED_OBJC_IMPLEMENTATIONS = YES;
				CLANG_WARN_DIRECT_OBJC_ISA_USAGE = YES_ERROR;
				CLANG_WARN_DOCUMENTATION_COMMENTS = YES;
				CLANG_WARN_EMPTY_BODY = YES;
				CLANG_WARN_ENUM_CONVERSION = YES;
				CLANG_WARN_INFINITE_RECURSION = YES;
				CLANG_WARN_INT_CONVERSION = YES;
				CLANG_WARN_NON_LITERAL_NULL_CONVERSION = YES;
				CLANG_WARN_OBJC_IMPLICIT_RETAIN_SELF = YES;
				CLANG_WARN_OBJC_LITERAL_CONVERSION = YES;
				CLANG_WARN_OBJC_ROOT_CLASS = YES_ERROR;
				CLANG_WARN_QUOTED_INCLUDE_IN_FRAMEWORK_HEADER = YES;
				CLANG_WARN_RANGE_LOOP_ANALYSIS = YES;
				CLANG_WARN_STRICT_PROTOTYPES = YES;
				CLANG_WARN_SUSPICIOUS_MOVE = YES;
				CLANG_WARN_UNGUARDED_AVAILABILITY = YES_AGGRESSIVE;
				CLANG_WARN_UNREACHABLE_CODE = YES;
				CLANG_WARN__DUPLICATE_METHOD_MATCH = YES;
				COPY_PHASE_STRIP = NO;
				DEBUG_INFORMATION_FORMAT = dwarf;
				ENABLE_STRICT_OBJC_MSGSEND = YES;
				ENABLE_TESTABILITY = YES;
				GCC_C_LANGUAGE_STANDARD = gnu11;
				GCC_DYNAMIC_NO_PIC = NO;
				GCC_NO_COMMON_BLOCKS = YES;
				GCC_OPTIMIZATION_LEVEL = 0;
				GCC_PREPROCESSOR_DEFINITIONS = (
					"DEBUG=1",
					"$(inherited)",
				);
				GCC_WARN_64_TO_32_BIT_CONVERSION = YES;
				GCC_WARN_ABOUT_RETURN_TYPE = YES_ERROR;
				GCC_WARN_UNDECLARED_SELECTOR = YES;
				GCC_WARN_UNINITIALIZED_AUTOS = YES_AGGRESSIVE;
				GCC_WARN_UNUSED_FUNCTION = YES;
				GCC_WARN_UNUSED_VARIABLE = YES;
				IPHONEOS_DEPLOYMENT_TARGET = 15.5;
				MTL_ENABLE_DEBUG_INFO = INCLUDE_SOURCE;
				MTL_FAST_MATH = YES;
				ONLY_ACTIVE_ARCH = YES;
				SDKROOT = iphoneos;
				SWIFT_ACTIVE_COMPILATION_CONDITIONS = DEBUG;
				SWIFT_OPTIMIZATION_LEVEL = "-Onone";
			};
			name = Debug;
		};
		FEF2215E287EF2E1008C5D17 /* Release */ = {
			isa = XCBuildConfiguration;
			buildSettings = {
				ALWAYS_SEARCH_USER_PATHS = NO;
				CLANG_ANALYZER_LOCALIZABILITY_NONLOCALIZED = YES;
				CLANG_ANALYZER_NONNULL = YES;
				CLANG_ANALYZER_NUMBER_OBJECT_CONVERSION = YES_AGGRESSIVE;
				CLANG_CXX_LANGUAGE_STANDARD = "gnu++17";
				CLANG_ENABLE_MODULES = YES;
				CLANG_ENABLE_OBJC_ARC = YES;
				CLANG_ENABLE_OBJC_WEAK = YES;
				CLANG_WARN_BLOCK_CAPTURE_AUTORELEASING = YES;
				CLANG_WARN_BOOL_CONVERSION = YES;
				CLANG_WARN_COMMA = YES;
				CLANG_WARN_CONSTANT_CONVERSION = YES;
				CLANG_WARN_DEPRECATED_OBJC_IMPLEMENTATIONS = YES;
				CLANG_WARN_DIRECT_OBJC_ISA_USAGE = YES_ERROR;
				CLANG_WARN_DOCUMENTATION_COMMENTS = YES;
				CLANG_WARN_EMPTY_BODY = YES;
				CLANG_WARN_ENUM_CONVERSION = YES;
				CLANG_WARN_INFINITE_RECURSION = YES;
				CLANG_WARN_INT_CONVERSION = YES;
				CLANG_WARN_NON_LITERAL_NULL_CONVERSION = YES;
				CLANG_WARN_OBJC_IMPLICIT_RETAIN_SELF = YES;
				CLANG_WARN_OBJC_LITERAL_CONVERSION = YES;
				CLANG_WARN_OBJC_ROOT_CLASS = YES_ERROR;
				CLANG_WARN_QUOTED_INCLUDE_IN_FRAMEWORK_HEADER = YES;
				CLANG_WARN_RANGE_LOOP_ANALYSIS = YES;
				CLANG_WARN_STRICT_PROTOTYPES = YES;
				CLANG_WARN_SUSPICIOUS_MOVE = YES;
				CLANG_WARN_UNGUARDED_AVAILABILITY = YES_AGGRESSIVE;
				CLANG_WARN_UNREACHABLE_CODE = YES;
				CLANG_WARN__DUPLICATE_METHOD_MATCH = YES;
				COPY_PHASE_STRIP = NO;
				DEBUG_INFORMATION_FORMAT = "dwarf-with-dsym";
				ENABLE_NS_ASSERTIONS = NO;
				ENABLE_STRICT_OBJC_MSGSEND = YES;
				GCC_C_LANGUAGE_STANDARD = gnu11;
				GCC_NO_COMMON_BLOCKS = YES;
				GCC_WARN_64_TO_32_BIT_CONVERSION = YES;
				GCC_WARN_ABOUT_RETURN_TYPE = YES_ERROR;
				GCC_WARN_UNDECLARED_SELECTOR = YES;
				GCC_WARN_UNINITIALIZED_AUTOS = YES_AGGRESSIVE;
				GCC_WARN_UNUSED_FUNCTION = YES;
				GCC_WARN_UNUSED_VARIABLE = YES;
				IPHONEOS_DEPLOYMENT_TARGET = 15.5;
				MTL_ENABLE_DEBUG_INFO = NO;
				MTL_FAST_MATH = YES;
				SDKROOT = iphoneos;
				SWIFT_COMPILATION_MODE = wholemodule;
				SWIFT_OPTIMIZATION_LEVEL = "-O";
				VALIDATE_PRODUCT = YES;
			};
			name = Release;
		};
		FEF22160287EF2E1008C5D17 /* Debug */ = {
			isa = XCBuildConfiguration;
			buildSettings = {
				ASSETCATALOG_COMPILER_APPICON_NAME = AppIcon;
				ASSETCATALOG_COMPILER_GLOBAL_ACCENT_COLOR_NAME = AccentColor;
				CODE_SIGN_STYLE = Automatic;
				CURRENT_PROJECT_VERSION = 1;
				GENERATE_INFOPLIST_FILE = YES;
				INFOPLIST_FILE = MyAuthors/Info.plist;
				INFOPLIST_KEY_UIApplicationSupportsIndirectInputEvents = YES;
				INFOPLIST_KEY_UILaunchStoryboardName = LaunchScreen;
				INFOPLIST_KEY_UIMainStoryboardFile = Main;
				INFOPLIST_KEY_UISupportedInterfaceOrientations_iPad = "UIInterfaceOrientationPortrait UIInterfaceOrientationPortraitUpsideDown UIInterfaceOrientationLandscapeLeft UIInterfaceOrientationLandscapeRight";
				INFOPLIST_KEY_UISupportedInterfaceOrientations_iPhone = "UIInterfaceOrientationPortrait UIInterfaceOrientationLandscapeLeft UIInterfaceOrientationLandscapeRight";
				LD_RUNPATH_SEARCH_PATHS = (
					"$(inherited)",
					"@executable_path/Frameworks",
				);
				MARKETING_VERSION = 1.0;
				PRODUCT_BUNDLE_IDENTIFIER = pdelac.MyAuthors;
				PRODUCT_NAME = "$(TARGET_NAME)";
				SWIFT_EMIT_LOC_STRINGS = YES;
				SWIFT_VERSION = 5.0;
				TARGETED_DEVICE_FAMILY = "1,2";
			};
			name = Debug;
		};
		FEF22161287EF2E1008C5D17 /* Release */ = {
			isa = XCBuildConfiguration;
			buildSettings = {
				ASSETCATALOG_COMPILER_APPICON_NAME = AppIcon;
				ASSETCATALOG_COMPILER_GLOBAL_ACCENT_COLOR_NAME = AccentColor;
				CODE_SIGN_STYLE = Automatic;
				CURRENT_PROJECT_VERSION = 1;
				GENERATE_INFOPLIST_FILE = YES;
				INFOPLIST_FILE = MyAuthors/Info.plist;
				INFOPLIST_KEY_UIApplicationSupportsIndirectInputEvents = YES;
				INFOPLIST_KEY_UILaunchStoryboardName = LaunchScreen;
				INFOPLIST_KEY_UIMainStoryboardFile = Main;
				INFOPLIST_KEY_UISupportedInterfaceOrientations_iPad = "UIInterfaceOrientationPortrait UIInterfaceOrientationPortraitUpsideDown UIInterfaceOrientationLandscapeLeft UIInterfaceOrientationLandscapeRight";
				INFOPLIST_KEY_UISupportedInterfaceOrientations_iPhone = "UIInterfaceOrientationPortrait UIInterfaceOrientationLandscapeLeft UIInterfaceOrientationLandscapeRight";
				LD_RUNPATH_SEARCH_PATHS = (
					"$(inherited)",
					"@executable_path/Frameworks",
				);
				MARKETING_VERSION = 1.0;
				PRODUCT_BUNDLE_IDENTIFIER = pdelac.MyAuthors;
				PRODUCT_NAME = "$(TARGET_NAME)";
				SWIFT_EMIT_LOC_STRINGS = YES;
				SWIFT_VERSION = 5.0;
				TARGETED_DEVICE_FAMILY = "1,2";
			};
			name = Release;
		};
/* End XCBuildConfiguration section */

/* Begin XCConfigurationList section */
		FEF22146287EF2DF008C5D17 /* Build configuration list for PBXProject "MyAuthors" */ = {
			isa = XCConfigurationList;
			buildConfigurations = (
				FEF2215D287EF2E1008C5D17 /* Debug */,
				FEF2215E287EF2E1008C5D17 /* Release */,
			);
			defaultConfigurationIsVisible = 0;
			defaultConfigurationName = Release;
		};
		FEF2215F287EF2E1008C5D17 /* Build configuration list for PBXNativeTarget "MyAuthors" */ = {
			isa = XCConfigurationList;
			buildConfigurations = (
				FEF22160287EF2E1008C5D17 /* Debug */,
				FEF22161287EF2E1008C5D17 /* Release */,
			);
			defaultConfigurationIsVisible = 0;
			defaultConfigurationName = Release;
		};
/* End XCConfigurationList section */
	};
	rootObject = FEF22143287EF2DF008C5D17 /* Project object */;
}
